// !$*UTF8*$!
{
	archiveVersion = 1;
	classes = {
	};
	objectVersion = 48;
	objects = {

/* Begin PBXBuildFile section */
		7D1A4BA91FE4DE5A00487511 /* AppDelegate.m in Sources */ = {isa = PBXBuildFile; fileRef = 7D1A4BA81FE4DE5A00487511 /* AppDelegate.m */; };
		7D1A4BAC1FE4DE5A00487511 /* ViewController.m in Sources */ = {isa = PBXBuildFile; fileRef = 7D1A4BAB1FE4DE5A00487511 /* ViewController.m */; };
		7D1A4BAF1FE4DE5A00487511 /* Main.storyboard in Resources */ = {isa = PBXBuildFile; fileRef = 7D1A4BAD1FE4DE5A00487511 /* Main.storyboard */; };
		7D1A4BB11FE4DE5A00487511 /* Assets.xcassets in Resources */ = {isa = PBXBuildFile; fileRef = 7D1A4BB01FE4DE5A00487511 /* Assets.xcassets */; };
		7D1A4BB41FE4DE5A00487511 /* LaunchScreen.storyboard in Resources */ = {isa = PBXBuildFile; fileRef = 7D1A4BB21FE4DE5A00487511 /* LaunchScreen.storyboard */; };
		7D1A4BB71FE4DE5A00487511 /* main.m in Sources */ = {isa = PBXBuildFile; fileRef = 7D1A4BB61FE4DE5A00487511 /* main.m */; };
		7D1A4BC11FE4DE5A00487511 /* AnimationTests.m in Sources */ = {isa = PBXBuildFile; fileRef = 7D1A4BC01FE4DE5A00487511 /* AnimationTests.m */; };
		7D1A4BCC1FE4DE5B00487511 /* AnimationUITests.m in Sources */ = {isa = PBXBuildFile; fileRef = 7D1A4BCB1FE4DE5B00487511 /* AnimationUITests.m */; };

		7D4AC1721FE58D090076211F /* test2View.m in Sources */ = {isa = PBXBuildFile; fileRef = 7D4AC1711FE58D090076211F /* test2View.m */; };

		7D4AC16F1FE58C890076211F /* test1View.m in Sources */ = {isa = PBXBuildFile; fileRef = 7D4AC16E1FE58C890076211F /* test1View.m */; };
        3679de741d7b97fc4050a0f90179d6b6c205b6d1
/* End PBXBuildFile section */

/* Begin PBXContainerItemProxy section */
		7D1A4BBD1FE4DE5A00487511 /* PBXContainerItemProxy */ = {
			isa = PBXContainerItemProxy;
			containerPortal = 7D1A4B9C1FE4DE5A00487511 /* Project object */;
			proxyType = 1;
			remoteGlobalIDString = 7D1A4BA31FE4DE5A00487511;
			remoteInfo = Animation;
		};
		7D1A4BC81FE4DE5B00487511 /* PBXContainerItemProxy */ = {
			isa = PBXContainerItemProxy;
			containerPortal = 7D1A4B9C1FE4DE5A00487511 /* Project object */;
			proxyType = 1;
			remoteGlobalIDString = 7D1A4BA31FE4DE5A00487511;
			remoteInfo = Animation;
		};
/* End PBXContainerItemProxy section */

/* Begin PBXFileReference section */
		7D1A4BA41FE4DE5A00487511 /* Animation.app */ = {isa = PBXFileReference; explicitFileType = wrapper.application; includeInIndex = 0; path = Animation.app; sourceTree = BUILT_PRODUCTS_DIR; };
		7D1A4BA71FE4DE5A00487511 /* AppDelegate.h */ = {isa = PBXFileReference; lastKnownFileType = sourcecode.c.h; path = AppDelegate.h; sourceTree = "<group>"; };
		7D1A4BA81FE4DE5A00487511 /* AppDelegate.m */ = {isa = PBXFileReference; lastKnownFileType = sourcecode.c.objc; path = AppDelegate.m; sourceTree = "<group>"; };
		7D1A4BAA1FE4DE5A00487511 /* ViewController.h */ = {isa = PBXFileReference; lastKnownFileType = sourcecode.c.h; path = ViewController.h; sourceTree = "<group>"; };
		7D1A4BAB1FE4DE5A00487511 /* ViewController.m */ = {isa = PBXFileReference; lastKnownFileType = sourcecode.c.objc; path = ViewController.m; sourceTree = "<group>"; };
		7D1A4BAE1FE4DE5A00487511 /* Base */ = {isa = PBXFileReference; lastKnownFileType = file.storyboard; name = Base; path = Base.lproj/Main.storyboard; sourceTree = "<group>"; };
		7D1A4BB01FE4DE5A00487511 /* Assets.xcassets */ = {isa = PBXFileReference; lastKnownFileType = folder.assetcatalog; path = Assets.xcassets; sourceTree = "<group>"; };
		7D1A4BB31FE4DE5A00487511 /* Base */ = {isa = PBXFileReference; lastKnownFileType = file.storyboard; name = Base; path = Base.lproj/LaunchScreen.storyboard; sourceTree = "<group>"; };
		7D1A4BB51FE4DE5A00487511 /* Info.plist */ = {isa = PBXFileReference; lastKnownFileType = text.plist.xml; path = Info.plist; sourceTree = "<group>"; };
		7D1A4BB61FE4DE5A00487511 /* main.m */ = {isa = PBXFileReference; lastKnownFileType = sourcecode.c.objc; path = main.m; sourceTree = "<group>"; };
		7D1A4BBC1FE4DE5A00487511 /* AnimationTests.xctest */ = {isa = PBXFileReference; explicitFileType = wrapper.cfbundle; includeInIndex = 0; path = AnimationTests.xctest; sourceTree = BUILT_PRODUCTS_DIR; };
		7D1A4BC01FE4DE5A00487511 /* AnimationTests.m */ = {isa = PBXFileReference; lastKnownFileType = sourcecode.c.objc; path = AnimationTests.m; sourceTree = "<group>"; };
		7D1A4BC21FE4DE5A00487511 /* Info.plist */ = {isa = PBXFileReference; lastKnownFileType = text.plist.xml; path = Info.plist; sourceTree = "<group>"; };
		7D1A4BC71FE4DE5B00487511 /* AnimationUITests.xctest */ = {isa = PBXFileReference; explicitFileType = wrapper.cfbundle; includeInIndex = 0; path = AnimationUITests.xctest; sourceTree = BUILT_PRODUCTS_DIR; };
		7D1A4BCB1FE4DE5B00487511 /* AnimationUITests.m */ = {isa = PBXFileReference; lastKnownFileType = sourcecode.c.objc; path = AnimationUITests.m; sourceTree = "<group>"; };
		7D1A4BCD1FE4DE5B00487511 /* Info.plist */ = {isa = PBXFileReference; lastKnownFileType = text.plist.xml; path = Info.plist; sourceTree = "<group>"; };

		7D4AC1701FE58D090076211F /* test2View.h */ = {isa = PBXFileReference; lastKnownFileType = sourcecode.c.h; path = test2View.h; sourceTree = "<group>"; };
		7D4AC1711FE58D090076211F /* test2View.m */ = {isa = PBXFileReference; lastKnownFileType =
		7D4AC16D1FE58C890076211F /* test1View.h */ = {isa = PBXFileReference; lastKnownFileType = sourcecode.c.h; path = test1View.h; sourceTree = "<group>"; };
		7D4AC16E1FE58C890076211F /* test1View.m */ = {isa = PBXFileReference; lastKnownFileType = sourcecode.c.objc; path = test1View.m; sourceTree = "<group>"; };
        3679de741d7b97fc4050a0f90179d6b6c205b6d1
/* End PBXFileReference section */

/* Begin PBXFrameworksBuildPhase section */
		7D1A4BA11FE4DE5A00487511 /* Frameworks */ = {
			isa = PBXFrameworksBuildPhase;
			buildActionMask = 2147483647;
			files = (
			);
			runOnlyForDeploymentPostprocessing = 0;
		};
		7D1A4BB91FE4DE5A00487511 /* Frameworks */ = {
			isa = PBXFrameworksBuildPhase;
			buildActionMask = 2147483647;
			files = (
			);
			runOnlyForDeploymentPostprocessing = 0;
		};
		7D1A4BC41FE4DE5B00487511 /* Frameworks */ = {
			isa = PBXFrameworksBuildPhase;
			buildActionMask = 2147483647;
			files = (
			);
			runOnlyForDeploymentPostprocessing = 0;
		};
/* End PBXFrameworksBuildPhase section */

/* Begin PBXGroup section */
		7D1A4B9B1FE4DE5A00487511 = {
			isa = PBXGroup;
			children = (
				7D1A4BA61FE4DE5A00487511 /* Animation */,
				7D1A4BBF1FE4DE5A00487511 /* AnimationTests */,
				7D1A4BCA1FE4DE5B00487511 /* AnimationUITests */,
				7D1A4BA51FE4DE5A00487511 /* Products */,
			);
			sourceTree = "<group>";
		};
		7D1A4BA51FE4DE5A00487511 /* Products */ = {
			isa = PBXGroup;
			children = (
				7D1A4BA41FE4DE5A00487511 /* Animation.app */,
				7D1A4BBC1FE4DE5A00487511 /* AnimationTests.xctest */,
				7D1A4BC71FE4DE5B00487511 /* AnimationUITests.xctest */,
			);
			name = Products;
			sourceTree = "<group>";
		};
		7D1A4BA61FE4DE5A00487511 /* Animation */ = {
			isa = PBXGroup;
			children = (
				7D1A4BA71FE4DE5A00487511 /* AppDelegate.h */,
				7D1A4BA81FE4DE5A00487511 /* AppDelegate.m */,
				7D1A4BAA1FE4DE5A00487511 /* ViewController.h */,
				7D1A4BAB1FE4DE5A00487511 /* ViewController.m */,
				7D4AC1701FE58D090076211F /* test2View.h */,
				7D4AC1711FE58D090076211F /* test2View.m */,

				7D4AC16D1FE58C890076211F /* test1View.h */,
				7D4AC16E1FE58C890076211F /* test1View.m */,
                3679de741d7b97fc4050a0f90179d6b6c205b6d1
				7D1A4BAD1FE4DE5A00487511 /* Main.storyboard */,
				7D1A4BB01FE4DE5A00487511 /* Assets.xcassets */,
				7D1A4BB21FE4DE5A00487511 /* LaunchScreen.storyboard */,
				7D1A4BB51FE4DE5A00487511 /* Info.plist */,
				7D1A4BB61FE4DE5A00487511 /* main.m */,
			);
			path = Animation;
			sourceTree = "<group>";
		};
		7D1A4BBF1FE4DE5A00487511 /* AnimationTests */ = {
			isa = PBXGroup;
			children = (
				7D1A4BC01FE4DE5A00487511 /* AnimationTests.m */,
				7D1A4BC21FE4DE5A00487511 /* Info.plist */,
			);
			path = AnimationTests;
			sourceTree = "<group>";
		};
		7D1A4BCA1FE4DE5B00487511 /* AnimationUITests */ = {
			isa = PBXGroup;
			children = (
				7D1A4BCB1FE4DE5B00487511 /* AnimationUITests.m */,
				7D1A4BCD1FE4DE5B00487511 /* Info.plist */,
			);
			path = AnimationUITests;
			sourceTree = "<group>";
		};
/* End PBXGroup section */

/* Begin PBXNativeTarget section */
		7D1A4BA31FE4DE5A00487511 /* Animation */ = {
			isa = PBXNativeTarget;
			buildConfigurationList = 7D1A4BD01FE4DE5B00487511 /* Build configuration list for PBXNativeTarget "Animation" */;
			buildPhases = (
				7D1A4BA01FE4DE5A00487511 /* Sources */,
				7D1A4BA11FE4DE5A00487511 /* Frameworks */,
				7D1A4BA21FE4DE5A00487511 /* Resources */,
			);
			buildRules = (
			);
			dependencies = (
			);
			name = Animation;
			productName = Animation;
			productReference = 7D1A4BA41FE4DE5A00487511 /* Animation.app */;
			productType = "com.apple.product-type.application";
		};
		7D1A4BBB1FE4DE5A00487511 /* AnimationTests */ = {
			isa = PBXNativeTarget;
			buildConfigurationList = 7D1A4BD31FE4DE5B00487511 /* Build configuration list for PBXNativeTarget "AnimationTests" */;
			buildPhases = (
				7D1A4BB81FE4DE5A00487511 /* Sources */,
				7D1A4BB91FE4DE5A00487511 /* Frameworks */,
				7D1A4BBA1FE4DE5A00487511 /* Resources */,
			);
			buildRules = (
			);
			dependencies = (
				7D1A4BBE1FE4DE5A00487511 /* PBXTargetDependency */,
			);
			name = AnimationTests;
			productName = AnimationTests;
			productReference = 7D1A4BBC1FE4DE5A00487511 /* AnimationTests.xctest */;
			productType = "com.apple.product-type.bundle.unit-test";
		};
		7D1A4BC61FE4DE5B00487511 /* AnimationUITests */ = {
			isa = PBXNativeTarget;
			buildConfigurationList = 7D1A4BD61FE4DE5B00487511 /* Build configuration list for PBXNativeTarget "AnimationUITests" */;
			buildPhases = (
				7D1A4BC31FE4DE5B00487511 /* Sources */,
				7D1A4BC41FE4DE5B00487511 /* Frameworks */,
				7D1A4BC51FE4DE5B00487511 /* Resources */,
			);
			buildRules = (
			);
			dependencies = (
				7D1A4BC91FE4DE5B00487511 /* PBXTargetDependency */,
			);
			name = AnimationUITests;
			productName = AnimationUITests;
			productReference = 7D1A4BC71FE4DE5B00487511 /* AnimationUITests.xctest */;
			productType = "com.apple.product-type.bundle.ui-testing";
		};
/* End PBXNativeTarget section */

/* Begin PBXProject section */
		7D1A4B9C1FE4DE5A00487511 /* Project object */ = {
			isa = PBXProject;
			attributes = {
				LastUpgradeCheck = 0910;
				ORGANIZATIONNAME = "谭登";
				TargetAttributes = {
					7D1A4BA31FE4DE5A00487511 = {
						CreatedOnToolsVersion = 9.1;
						ProvisioningStyle = Automatic;
					};
					7D1A4BBB1FE4DE5A00487511 = {
						CreatedOnToolsVersion = 9.1;
						ProvisioningStyle = Automatic;
						TestTargetID = 7D1A4BA31FE4DE5A00487511;
					};
					7D1A4BC61FE4DE5B00487511 = {
						CreatedOnToolsVersion = 9.1;
						ProvisioningStyle = Automatic;
						TestTargetID = 7D1A4BA31FE4DE5A00487511;
					};
				};
			};
			buildConfigurationList = 7D1A4B9F1FE4DE5A00487511 /* Build configuration list for PBXProject "Animation" */;
			compatibilityVersion = "Xcode 8.0";
			developmentRegion = en;
			hasScannedForEncodings = 0;
			knownRegions = (
				en,
				Base,
			);
			mainGroup = 7D1A4B9B1FE4DE5A00487511;
			productRefGroup = 7D1A4BA51FE4DE5A00487511 /* Products */;
			projectDirPath = "";
			projectRoot = "";
			targets = (
				7D1A4BA31FE4DE5A00487511 /* Animation */,
				7D1A4BBB1FE4DE5A00487511 /* AnimationTests */,
				7D1A4BC61FE4DE5B00487511 /* AnimationUITests */,
			);
		};
/* End PBXProject section */

/* Begin PBXResourcesBuildPhase section */
		7D1A4BA21FE4DE5A00487511 /* Resources */ = {
			isa = PBXResourcesBuildPhase;
			buildActionMask = 2147483647;
			files = (
				7D1A4BB41FE4DE5A00487511 /* LaunchScreen.storyboard in Resources */,
				7D1A4BB11FE4DE5A00487511 /* Assets.xcassets in Resources */,
				7D1A4BAF1FE4DE5A00487511 /* Main.storyboard in Resources */,
			);
			runOnlyForDeploymentPostprocessing = 0;
		};
		7D1A4BBA1FE4DE5A00487511 /* Resources */ = {
			isa = PBXResourcesBuildPhase;
			buildActionMask = 2147483647;
			files = (
			);
			runOnlyForDeploymentPostprocessing = 0;
		};
		7D1A4BC51FE4DE5B00487511 /* Resources */ = {
			isa = PBXResourcesBuildPhase;
			buildActionMask = 2147483647;
			files = (
			);
			runOnlyForDeploymentPostprocessing = 0;
		};
/* End PBXResourcesBuildPhase section */

/* Begin PBXSourcesBuildPhase section */
		7D1A4BA01FE4DE5A00487511 /* Sources */ = {
			isa = PBXSourcesBuildPhase;
			buildActionMask = 2147483647;
			files = (
				7D1A4BAC1FE4DE5A00487511 /* ViewController.m in Sources */,
				7D1A4BB71FE4DE5A00487511 /* main.m in Sources */,
				7D4AC16F1FE58C890076211F /* test1View.m in Sources */,
				7D1A4BA91FE4DE5A00487511 /* AppDelegate.m in Sources */,
				7D4AC1721FE58D090076211F /* test2View.m in Sources */,
			);
			runOnlyForDeploymentPostprocessing = 0;
		};
		7D1A4BB81FE4DE5A00487511 /* Sources */ = {
			isa = PBXSourcesBuildPhase;
			buildActionMask = 2147483647;
			files = (
				7D1A4BC11FE4DE5A00487511 /* AnimationTests.m in Sources */,
			);
			runOnlyForDeploymentPostprocessing = 0;
		};
		7D1A4BC31FE4DE5B00487511 /* Sources */ = {
			isa = PBXSourcesBuildPhase;
			buildActionMask = 2147483647;
			files = (
				7D1A4BCC1FE4DE5B00487511 /* AnimationUITests.m in Sources */,
			);
			runOnlyForDeploymentPostprocessing = 0;
		};
/* End PBXSourcesBuildPhase section */

/* Begin PBXTargetDependency section */
		7D1A4BBE1FE4DE5A00487511 /* PBXTargetDependency */ = {
			isa = PBXTargetDependency;
			target = 7D1A4BA31FE4DE5A00487511 /* Animation */;
			targetProxy = 7D1A4BBD1FE4DE5A00487511 /* PBXContainerItemProxy */;
		};
		7D1A4BC91FE4DE5B00487511 /* PBXTargetDependency */ = {
			isa = PBXTargetDependency;
			target = 7D1A4BA31FE4DE5A00487511 /* Animation */;
			targetProxy = 7D1A4BC81FE4DE5B00487511 /* PBXContainerItemProxy */;
		};
/* End PBXTargetDependency section */

/* Begin PBXVariantGroup section */
		7D1A4BAD1FE4DE5A00487511 /* Main.storyboard */ = {
			isa = PBXVariantGroup;
			children = (
				7D1A4BAE1FE4DE5A00487511 /* Base */,
			);
			name = Main.storyboard;
			sourceTree = "<group>";
		};
		7D1A4BB21FE4DE5A00487511 /* LaunchScreen.storyboard */ = {
			isa = PBXVariantGroup;
			children = (
				7D1A4BB31FE4DE5A00487511 /* Base */,
			);
			name = LaunchScreen.storyboard;
			sourceTree = "<group>";
		};
/* End PBXVariantGroup section */

/* Begin XCBuildConfiguration section */
		7D1A4BCE1FE4DE5B00487511 /* Debug */ = {
			isa = XCBuildConfiguration;
			buildSettings = {
				ALWAYS_SEARCH_USER_PATHS = NO;
				CLANG_ANALYZER_NONNULL = YES;
				CLANG_ANALYZER_NUMBER_OBJECT_CONVERSION = YES_AGGRESSIVE;
				CLANG_CXX_LANGUAGE_STANDARD = "gnu++14";
				CLANG_CXX_LIBRARY = "libc++";
				CLANG_ENABLE_MODULES = YES;
				CLANG_ENABLE_OBJC_ARC = YES;
				CLANG_WARN_BLOCK_CAPTURE_AUTORELEASING = YES;
				CLANG_WARN_BOOL_CONVERSION = YES;
				CLANG_WARN_COMMA = YES;
				CLANG_WARN_CONSTANT_CONVERSION = YES;
				CLANG_WARN_DIRECT_OBJC_ISA_USAGE = YES_ERROR;
				CLANG_WARN_DOCUMENTATION_COMMENTS = YES;
				CLANG_WARN_EMPTY_BODY = YES;
				CLANG_WARN_ENUM_CONVERSION = YES;
				CLANG_WARN_INFINITE_RECURSION = YES;
				CLANG_WARN_INT_CONVERSION = YES;
				CLANG_WARN_NON_LITERAL_NULL_CONVERSION = YES;
				CLANG_WARN_OBJC_LITERAL_CONVERSION = YES;
				CLANG_WARN_OBJC_ROOT_CLASS = YES_ERROR;
				CLANG_WARN_RANGE_LOOP_ANALYSIS = YES;
				CLANG_WARN_STRICT_PROTOTYPES = YES;
				CLANG_WARN_SUSPICIOUS_MOVE = YES;
				CLANG_WARN_UNGUARDED_AVAILABILITY = YES_AGGRESSIVE;
				CLANG_WARN_UNREACHABLE_CODE = YES;
				CLANG_WARN__DUPLICATE_METHOD_MATCH = YES;
				CODE_SIGN_IDENTITY = "iPhone Developer";
				COPY_PHASE_STRIP = NO;
				DEBUG_INFORMATION_FORMAT = dwarf;
				ENABLE_STRICT_OBJC_MSGSEND = YES;
				ENABLE_TESTABILITY = YES;
				GCC_C_LANGUAGE_STANDARD = gnu11;
				GCC_DYNAMIC_NO_PIC = NO;
				GCC_NO_COMMON_BLOCKS = YES;
				GCC_OPTIMIZATION_LEVEL = 0;
				GCC_PREPROCESSOR_DEFINITIONS = (
					"DEBUG=1",
					"$(inherited)",
				);
				GCC_WARN_64_TO_32_BIT_CONVERSION = YES;
				GCC_WARN_ABOUT_RETURN_TYPE = YES_ERROR;
				GCC_WARN_UNDECLARED_SELECTOR = YES;
				GCC_WARN_UNINITIALIZED_AUTOS = YES_AGGRESSIVE;
				GCC_WARN_UNUSED_FUNCTION = YES;
				GCC_WARN_UNUSED_VARIABLE = YES;
				IPHONEOS_DEPLOYMENT_TARGET = 11.1;
				MTL_ENABLE_DEBUG_INFO = YES;
				ONLY_ACTIVE_ARCH = YES;
				SDKROOT = iphoneos;
			};
			name = Debug;
		};
		7D1A4BCF1FE4DE5B00487511 /* Release */ = {
			isa = XCBuildConfiguration;
			buildSettings = {
				ALWAYS_SEARCH_USER_PATHS = NO;
				CLANG_ANALYZER_NONNULL = YES;
				CLANG_ANALYZER_NUMBER_OBJECT_CONVERSION = YES_AGGRESSIVE;
				CLANG_CXX_LANGUAGE_STANDARD = "gnu++14";
				CLANG_CXX_LIBRARY = "libc++";
				CLANG_ENABLE_MODULES = YES;
				CLANG_ENABLE_OBJC_ARC = YES;
				CLANG_WARN_BLOCK_CAPTURE_AUTORELEASING = YES;
				CLANG_WARN_BOOL_CONVERSION = YES;
				CLANG_WARN_COMMA = YES;
				CLANG_WARN_CONSTANT_CONVERSION = YES;
				CLANG_WARN_DIRECT_OBJC_ISA_USAGE = YES_ERROR;
				CLANG_WARN_DOCUMENTATION_COMMENTS = YES;
				CLANG_WARN_EMPTY_BODY = YES;
				CLANG_WARN_ENUM_CONVERSION = YES;
				CLANG_WARN_INFINITE_RECURSION = YES;
				CLANG_WARN_INT_CONVERSION = YES;
				CLANG_WARN_NON_LITERAL_NULL_CONVERSION = YES;
				CLANG_WARN_OBJC_LITERAL_CONVERSION = YES;
				CLANG_WARN_OBJC_ROOT_CLASS = YES_ERROR;
				CLANG_WARN_RANGE_LOOP_ANALYSIS = YES;
				CLANG_WARN_STRICT_PROTOTYPES = YES;
				CLANG_WARN_SUSPICIOUS_MOVE = YES;
				CLANG_WARN_UNGUARDED_AVAILABILITY = YES_AGGRESSIVE;
				CLANG_WARN_UNREACHABLE_CODE = YES;
				CLANG_WARN__DUPLICATE_METHOD_MATCH = YES;
				CODE_SIGN_IDENTITY = "iPhone Developer";
				COPY_PHASE_STRIP = NO;
				DEBUG_INFORMATION_FORMAT = "dwarf-with-dsym";
				ENABLE_NS_ASSERTIONS = NO;
				ENABLE_STRICT_OBJC_MSGSEND = YES;
				GCC_C_LANGUAGE_STANDARD = gnu11;
				GCC_NO_COMMON_BLOCKS = YES;
				GCC_WARN_64_TO_32_BIT_CONVERSION = YES;
				GCC_WARN_ABOUT_RETURN_TYPE = YES_ERROR;
				GCC_WARN_UNDECLARED_SELECTOR = YES;
				GCC_WARN_UNINITIALIZED_AUTOS = YES_AGGRESSIVE;
				GCC_WARN_UNUSED_FUNCTION = YES;
				GCC_WARN_UNUSED_VARIABLE = YES;
				IPHONEOS_DEPLOYMENT_TARGET = 11.1;
				MTL_ENABLE_DEBUG_INFO = NO;
				SDKROOT = iphoneos;
				VALIDATE_PRODUCT = YES;
			};
			name = Release;
		};
		7D1A4BD11FE4DE5B00487511 /* Debug */ = {
			isa = XCBuildConfiguration;
			buildSettings = {
				ASSETCATALOG_COMPILER_APPICON_NAME = AppIcon;
				CODE_SIGN_STYLE = Automatic;
				DEVELOPMENT_TEAM = DM2CPY459P;
				INFOPLIST_FILE = Animation/Info.plist;
				IPHONEOS_DEPLOYMENT_TARGET = 8.0;
				LD_RUNPATH_SEARCH_PATHS = "$(inherited) @executable_path/Frameworks";
				PRODUCT_BUNDLE_IDENTIFIER = tandeng.Animation;
				PRODUCT_NAME = "$(TARGET_NAME)";
				TARGETED_DEVICE_FAMILY = "1,2";
			};
			name = Debug;
		};
		7D1A4BD21FE4DE5B00487511 /* Release */ = {
			isa = XCBuildConfiguration;
			buildSettings = {
				ASSETCATALOG_COMPILER_APPICON_NAME = AppIcon;
				CODE_SIGN_STYLE = Automatic;
				DEVELOPMENT_TEAM = DM2CPY459P;
				INFOPLIST_FILE = Animation/Info.plist;
				IPHONEOS_DEPLOYMENT_TARGET = 8.0;
				LD_RUNPATH_SEARCH_PATHS = "$(inherited) @executable_path/Frameworks";
				PRODUCT_BUNDLE_IDENTIFIER = tandeng.Animation;
				PRODUCT_NAME = "$(TARGET_NAME)";
				TARGETED_DEVICE_FAMILY = "1,2";
			};
			name = Release;
		};
		7D1A4BD41FE4DE5B00487511 /* Debug */ = {
			isa = XCBuildConfiguration;
			buildSettings = {
				BUNDLE_LOADER = "$(TEST_HOST)";
				CODE_SIGN_STYLE = Automatic;
				DEVELOPMENT_TEAM = DM2CPY459P;
				INFOPLIST_FILE = AnimationTests/Info.plist;
				LD_RUNPATH_SEARCH_PATHS = "$(inherited) @executable_path/Frameworks @loader_path/Frameworks";
				PRODUCT_BUNDLE_IDENTIFIER = tandeng.AnimationTests;
				PRODUCT_NAME = "$(TARGET_NAME)";
				TARGETED_DEVICE_FAMILY = "1,2";
				TEST_HOST = "$(BUILT_PRODUCTS_DIR)/Animation.app/Animation";
			};
			name = Debug;
		};
		7D1A4BD51FE4DE5B00487511 /* Release */ = {
			isa = XCBuildConfiguration;
			buildSettings = {
				BUNDLE_LOADER = "$(TEST_HOST)";
				CODE_SIGN_STYLE = Automatic;
				DEVELOPMENT_TEAM = DM2CPY459P;
				INFOPLIST_FILE = AnimationTests/Info.plist;
				LD_RUNPATH_SEARCH_PATHS = "$(inherited) @executable_path/Frameworks @loader_path/Frameworks";
				PRODUCT_BUNDLE_IDENTIFIER = tandeng.AnimationTests;
				PRODUCT_NAME = "$(TARGET_NAME)";
				TARGETED_DEVICE_FAMILY = "1,2";
				TEST_HOST = "$(BUILT_PRODUCTS_DIR)/Animation.app/Animation";
			};
			name = Release;
		};
		7D1A4BD71FE4DE5B00487511 /* Debug */ = {
			isa = XCBuildConfiguration;
			buildSettings = {
				CODE_SIGN_STYLE = Automatic;
				DEVELOPMENT_TEAM = DM2CPY459P;
				INFOPLIST_FILE = AnimationUITests/Info.plist;
				LD_RUNPATH_SEARCH_PATHS = "$(inherited) @executable_path/Frameworks @loader_path/Frameworks";
				PRODUCT_BUNDLE_IDENTIFIER = tandeng.AnimationUITests;
				PRODUCT_NAME = "$(TARGET_NAME)";
				TARGETED_DEVICE_FAMILY = "1,2";
				TEST_TARGET_NAME = Animation;
			};
			name = Debug;
		};
		7D1A4BD81FE4DE5B00487511 /* Release */ = {
			isa = XCBuildConfiguration;
			buildSettings = {
				CODE_SIGN_STYLE = Automatic;
				DEVELOPMENT_TEAM = DM2CPY459P;
				INFOPLIST_FILE = AnimationUITests/Info.plist;
				LD_RUNPATH_SEARCH_PATHS = "$(inherited) @executable_path/Frameworks @loader_path/Frameworks";
				PRODUCT_BUNDLE_IDENTIFIER = tandeng.AnimationUITests;
				PRODUCT_NAME = "$(TARGET_NAME)";
				TARGETED_DEVICE_FAMILY = "1,2";
				TEST_TARGET_NAME = Animation;
			};
			name = Release;
		};
/* End XCBuildConfiguration section */

/* Begin XCConfigurationList section */
		7D1A4B9F1FE4DE5A00487511 /* Build configuration list for PBXProject "Animation" */ = {
			isa = XCConfigurationList;
			buildConfigurations = (
				7D1A4BCE1FE4DE5B00487511 /* Debug */,
				7D1A4BCF1FE4DE5B00487511 /* Release */,
			);
			defaultConfigurationIsVisible = 0;
			defaultConfigurationName = Release;
		};
		7D1A4BD01FE4DE5B00487511 /* Build configuration list for PBXNativeTarget "Animation" */ = {
			isa = XCConfigurationList;
			buildConfigurations = (
				7D1A4BD11FE4DE5B00487511 /* Debug */,
				7D1A4BD21FE4DE5B00487511 /* Release */,
			);
			defaultConfigurationIsVisible = 0;
			defaultConfigurationName = Release;
		};
		7D1A4BD31FE4DE5B00487511 /* Build configuration list for PBXNativeTarget "AnimationTests" */ = {
			isa = XCConfigurationList;
			buildConfigurations = (
				7D1A4BD41FE4DE5B00487511 /* Debug */,
				7D1A4BD51FE4DE5B00487511 /* Release */,
			);
			defaultConfigurationIsVisible = 0;
			defaultConfigurationName = Release;
		};
		7D1A4BD61FE4DE5B00487511 /* Build configuration list for PBXNativeTarget "AnimationUITests" */ = {
			isa = XCConfigurationList;
			buildConfigurations = (
				7D1A4BD71FE4DE5B00487511 /* Debug */,
				7D1A4BD81FE4DE5B00487511 /* Release */,
			);
			defaultConfigurationIsVisible = 0;
			defaultConfigurationName = Release;
		};
/* End XCConfigurationList section */
	};
	rootObject = 7D1A4B9C1FE4DE5A00487511 /* Project object */;
}
